
Microsoft Visual Studio Solution File, Format Version 12.00
# Visual Studio 15
VisualStudioVersion = 15.0.27428.2005
MinimumVisualStudioVersion = 10.0.40219.1
Project("{FAE04EC0-301F-11D3-BF4B-00C04F79EFBC}") = "dubaibus", "dubaibus\dubaibus.csproj", "{4238BBF1-6A6F-4155-B21B-6691FDF04044}"
EndProject
Global
	GlobalSection(SolutionConfigurationPlatforms) = preSolution
		Debug|Any CPU = Debug|Any CPU
		Release|Any CPU = Release|Any CPU
	EndGlobalSection
	GlobalSection(ProjectConfigurationPlatforms) = postSolution
		{4238BBF1-6A6F-4155-B21B-6691FDF04044}.Debug|Any CPU.ActiveCfg = Debug|Any CPU
		{4238BBF1-6A6F-4155-B21B-6691FDF04044}.Debug|Any CPU.Build.0 = Debug|Any CPU
		{4238BBF1-6A6F-4155-B21B-6691FDF04044}.Release|Any CPU.ActiveCfg = Release|Any CPU
		{4238BBF1-6A6F-4155-B21B-6691FDF04044}.Release|Any CPU.Build.0 = Release|Any CPU
	EndGlobalSection
	GlobalSection(SolutionProperties) = preSolution
		HideSolutionNode = FALSE
	EndGlobalSection
	GlobalSection(ExtensibilityGlobals) = postSolution
		SolutionGuid = {9658E5DE-AB75-4274-9FFA-BA74B3997F4B}
	EndGlobalSection
EndGlobal
